// !$*UTF8*$!
{
	archiveVersion = 1;
	classes = {
	};
	objectVersion = 56;
	objects = {

/* Begin PBXBuildFile section */
		27D7DBB92A439F7B00F053D8 /* RealityKitContent in Frameworks */ = {isa = PBXBuildFile; productRef = 27D7DBB82A439F7B00F053D8 /* RealityKitContent */; };
		27D7DBBB2A439F7B00F053D8 /* xrOS_loadedApp.swift in Sources */ = {isa = PBXBuildFile; fileRef = 27D7DBBA2A439F7B00F053D8 /* xrOS_loadedApp.swift */; };
		27D7DBBD2A439F7B00F053D8 /* ContentView.swift in Sources */ = {isa = PBXBuildFile; fileRef = 27D7DBBC2A439F7B00F053D8 /* ContentView.swift */; };
		27D7DBBF2A439F7D00F053D8 /* Assets.xcassets in Resources */ = {isa = PBXBuildFile; fileRef = 27D7DBBE2A439F7D00F053D8 /* Assets.xcassets */; };
		27D7DBC22A439F7D00F053D8 /* Preview Assets.xcassets in Resources */ = {isa = PBXBuildFile; fileRef = 27D7DBC12A439F7D00F053D8 /* Preview Assets.xcassets */; };
		27D7DBCA2A43A86C00F053D8 /* Model.swift in Sources */ = {isa = PBXBuildFile; fileRef = 27D7DBC92A43A86C00F053D8 /* Model.swift */; };
/* End PBXBuildFile section */

/* Begin PBXFileReference section */
		27D7DBB32A439F7B00F053D8 /* xrOS-loaded.app */ = {isa = PBXFileReference; explicitFileType = wrapper.application; includeInIndex = 0; path = "xrOS-loaded.app"; sourceTree = BUILT_PRODUCTS_DIR; };
		27D7DBB72A439F7B00F053D8 /* RealityKitContent */ = {isa = PBXFileReference; lastKnownFileType = wrapper; path = RealityKitContent; sourceTree = "<group>"; };
		27D7DBBA2A439F7B00F053D8 /* xrOS_loadedApp.swift */ = {isa = PBXFileReference; lastKnownFileType = sourcecode.swift; path = xrOS_loadedApp.swift; sourceTree = "<group>"; };
		27D7DBBC2A439F7B00F053D8 /* ContentView.swift */ = {isa = PBXFileReference; lastKnownFileType = sourcecode.swift; path = ContentView.swift; sourceTree = "<group>"; };
		27D7DBBE2A439F7D00F053D8 /* Assets.xcassets */ = {isa = PBXFileReference; lastKnownFileType = folder.assetcatalog; path = Assets.xcassets; sourceTree = "<group>"; };
		27D7DBC12A439F7D00F053D8 /* Preview Assets.xcassets */ = {isa = PBXFileReference; lastKnownFileType = folder.assetcatalog; path = "Preview Assets.xcassets"; sourceTree = "<group>"; };
		27D7DBC92A43A86C00F053D8 /* Model.swift */ = {isa = PBXFileReference; lastKnownFileType = sourcecode.swift; path = Model.swift; sourceTree = "<group>"; };
/* End PBXFileReference section */

/* Begin PBXFrameworksBuildPhase section */
		27D7DBB02A439F7B00F053D8 /* Frameworks */ = {
			isa = PBXFrameworksBuildPhase;
			buildActionMask = 2147483647;
			files = (
				27D7DBB92A439F7B00F053D8 /* RealityKitContent in Frameworks */,
			);
			runOnlyForDeploymentPostprocessing = 0;
		};
/* End PBXFrameworksBuildPhase section */

/* Begin PBXGroup section */
		27D7DBAA2A439F7B00F053D8 = {
			isa = PBXGroup;
			children = (
				27D7DBB52A439F7B00F053D8 /* xrOS-loaded */,
				27D7DBB62A439F7B00F053D8 /* Packages */,
				27D7DBB42A439F7B00F053D8 /* Products */,
			);
			sourceTree = "<group>";
		};
		27D7DBB42A439F7B00F053D8 /* Products */ = {
			isa = PBXGroup;
			children = (
				27D7DBB32A439F7B00F053D8 /* xrOS-loaded.app */,
			);
			name = Products;
			sourceTree = "<group>";
		};
		27D7DBB52A439F7B00F053D8 /* xrOS-loaded */ = {
			isa = PBXGroup;
			children = (
				27D7DBC82A43A85E00F053D8 /* Models */,
				27D7DBBA2A439F7B00F053D8 /* xrOS_loadedApp.swift */,
				27D7DBBC2A439F7B00F053D8 /* ContentView.swift */,
				27D7DBBE2A439F7D00F053D8 /* Assets.xcassets */,
				27D7DBC02A439F7D00F053D8 /* Preview Content */,
			);
			path = "xrOS-loaded";
			sourceTree = "<group>";
		};
		27D7DBB62A439F7B00F053D8 /* Packages */ = {
			isa = PBXGroup;
			children = (
				27D7DBB72A439F7B00F053D8 /* RealityKitContent */,
			);
			path = Packages;
			sourceTree = "<group>";
		};
		27D7DBC02A439F7D00F053D8 /* Preview Content */ = {
			isa = PBXGroup;
			children = (
				27D7DBC12A439F7D00F053D8 /* Preview Assets.xcassets */,
			);
			path = "Preview Content";
			sourceTree = "<group>";
		};
		27D7DBC82A43A85E00F053D8 /* Models */ = {
			isa = PBXGroup;
			children = (
				27D7DBC92A43A86C00F053D8 /* Model.swift */,
			);
			path = Models;
			sourceTree = "<group>";
		};
/* End PBXGroup section */

/* Begin PBXNativeTarget section */
		27D7DBB22A439F7B00F053D8 /* xrOS-loaded */ = {
			isa = PBXNativeTarget;
			buildConfigurationList = 27D7DBC52A439F7D00F053D8 /* Build configuration list for PBXNativeTarget "xrOS-loaded" */;
			buildPhases = (
				27D7DBAF2A439F7B00F053D8 /* Sources */,
				27D7DBB02A439F7B00F053D8 /* Frameworks */,
				27D7DBB12A439F7B00F053D8 /* Resources */,
			);
			buildRules = (
			);
			dependencies = (
			);
			name = "xrOS-loaded";
			packageProductDependencies = (
				27D7DBB82A439F7B00F053D8 /* RealityKitContent */,
			);
			productName = "xrOS-loaded";
			productReference = 27D7DBB32A439F7B00F053D8 /* xrOS-loaded.app */;
			productType = "com.apple.product-type.application";
		};
/* End PBXNativeTarget section */

/* Begin PBXProject section */
		27D7DBAB2A439F7B00F053D8 /* Project object */ = {
			isa = PBXProject;
			attributes = {
				BuildIndependentTargetsInParallel = 1;
				LastSwiftUpdateCheck = 1500;
				LastUpgradeCheck = 1500;
				TargetAttributes = {
					27D7DBB22A439F7B00F053D8 = {
						CreatedOnToolsVersion = 15.0;
					};
				};
			};
			buildConfigurationList = 27D7DBAE2A439F7B00F053D8 /* Build configuration list for PBXProject "xrOS-loaded" */;
			compatibilityVersion = "Xcode 14.0";
			developmentRegion = en;
			hasScannedForEncodings = 0;
			knownRegions = (
				en,
				Base,
			);
			mainGroup = 27D7DBAA2A439F7B00F053D8;
			productRefGroup = 27D7DBB42A439F7B00F053D8 /* Products */;
			projectDirPath = "";
			projectRoot = "";
			targets = (
				27D7DBB22A439F7B00F053D8 /* xrOS-loaded */,
			);
		};
/* End PBXProject section */

/* Begin PBXResourcesBuildPhase section */
		27D7DBB12A439F7B00F053D8 /* Resources */ = {
			isa = PBXResourcesBuildPhase;
			buildActionMask = 2147483647;
			files = (
				27D7DBC22A439F7D00F053D8 /* Preview Assets.xcassets in Resources */,
				27D7DBBF2A439F7D00F053D8 /* Assets.xcassets in Resources */,
			);
			runOnlyForDeploymentPostprocessing = 0;
		};
/* End PBXResourcesBuildPhase section */

/* Begin PBXSourcesBuildPhase section */
		27D7DBAF2A439F7B00F053D8 /* Sources */ = {
			isa = PBXSourcesBuildPhase;
			buildActionMask = 2147483647;
			files = (
				27D7DBCA2A43A86C00F053D8 /* Model.swift in Sources */,
				27D7DBBD2A439F7B00F053D8 /* ContentView.swift in Sources */,
				27D7DBBB2A439F7B00F053D8 /* xrOS_loadedApp.swift in Sources */,
			);
			runOnlyForDeploymentPostprocessing = 0;
		};
/* End PBXSourcesBuildPhase section */

/* Begin XCBuildConfiguration section */
		27D7DBC32A439F7D00F053D8 /* Debug */ = {
			isa = XCBuildConfiguration;
			buildSettings = {
				ALWAYS_SEARCH_USER_PATHS = NO;
				ASSETCATALOG_COMPILER_GENERATE_SWIFT_ASSET_SYMBOL_EXTENSIONS = YES;
				CLANG_ANALYZER_NONNULL = YES;
				CLANG_ANALYZER_NUMBER_OBJECT_CONVERSION = YES_AGGRESSIVE;
				CLANG_CXX_LANGUAGE_STANDARD = "gnu++20";
				CLANG_ENABLE_MODULES = YES;
				CLANG_ENABLE_OBJC_ARC = YES;
				CLANG_ENABLE_OBJC_WEAK = YES;
				CLANG_WARN_BLOCK_CAPTURE_AUTORELEASING = YES;
				CLANG_WARN_BOOL_CONVERSION = YES;
				CLANG_WARN_COMMA = YES;
				CLANG_WARN_CONSTANT_CONVERSION = YES;
				CLANG_WARN_DEPRECATED_OBJC_IMPLEMENTATIONS = YES;
				CLANG_WARN_DIRECT_OBJC_ISA_USAGE = YES_ERROR;
				CLANG_WARN_DOCUMENTATION_COMMENTS = YES;
				CLANG_WARN_EMPTY_BODY = YES;
				CLANG_WARN_ENUM_CONVERSION = YES;
				CLANG_WARN_INFINITE_RECURSION = YES;
				CLANG_WARN_INT_CONVERSION = YES;
				CLANG_WARN_NON_LITERAL_NULL_CONVERSION = YES;
				CLANG_WARN_OBJC_IMPLICIT_RETAIN_SELF = YES;
				CLANG_WARN_OBJC_LITERAL_CONVERSION = YES;
				CLANG_WARN_OBJC_ROOT_CLASS = YES_ERROR;
				CLANG_WARN_QUOTED_INCLUDE_IN_FRAMEWORK_HEADER = YES;
				CLANG_WARN_RANGE_LOOP_ANALYSIS = YES;
				CLANG_WARN_STRICT_PROTOTYPES = YES;
				CLANG_WARN_SUSPICIOUS_MOVE = YES;
				CLANG_WARN_UNGUARDED_AVAILABILITY = YES_AGGRESSIVE;
				CLANG_WARN_UNREACHABLE_CODE = YES;
				CLANG_WARN__DUPLICATE_METHOD_MATCH = YES;
				COPY_PHASE_STRIP = NO;
				DEBUG_INFORMATION_FORMAT = dwarf;
				ENABLE_STRICT_OBJC_MSGSEND = YES;
				ENABLE_TESTABILITY = YES;
				ENABLE_USER_SCRIPT_SANDBOXING = YES;
				GCC_C_LANGUAGE_STANDARD = gnu17;
				GCC_DYNAMIC_NO_PIC = NO;
				GCC_NO_COMMON_BLOCKS = YES;
				GCC_OPTIMIZATION_LEVEL = 0;
				GCC_PREPROCESSOR_DEFINITIONS = (
					"DEBUG=1",
					"$(inherited)",
				);
				GCC_WARN_64_TO_32_BIT_CONVERSION = YES;
				GCC_WARN_ABOUT_RETURN_TYPE = YES_ERROR;
				GCC_WARN_UNDECLARED_SELECTOR = YES;
				GCC_WARN_UNINITIALIZED_AUTOS = YES_AGGRESSIVE;
				GCC_WARN_UNUSED_FUNCTION = YES;
				GCC_WARN_UNUSED_VARIABLE = YES;
				LOCALIZATION_PREFERS_STRING_CATALOGS = YES;
				MTL_ENABLE_DEBUG_INFO = INCLUDE_SOURCE;
				MTL_FAST_MATH = YES;
				ONLY_ACTIVE_ARCH = YES;
				SDKROOT = xros;
				SWIFT_ACTIVE_COMPILATION_CONDITIONS = "DEBUG $(inherited)";
				SWIFT_OPTIMIZATION_LEVEL = "-Onone";
				XROS_DEPLOYMENT_TARGET = 1.0;
			};
			name = Debug;
		};
		27D7DBC42A439F7D00F053D8 /* Release */ = {
			isa = XCBuildConfiguration;
			buildSettings = {
				ALWAYS_SEARCH_USER_PATHS = NO;
				ASSETCATALOG_COMPILER_GENERATE_SWIFT_ASSET_SYMBOL_EXTENSIONS = YES;
				CLANG_ANALYZER_NONNULL = YES;
				CLANG_ANALYZER_NUMBER_OBJECT_CONVERSION = YES_AGGRESSIVE;
				CLANG_CXX_LANGUAGE_STANDARD = "gnu++20";
				CLANG_ENABLE_MODULES = YES;
				CLANG_ENABLE_OBJC_ARC = YES;
				CLANG_ENABLE_OBJC_WEAK = YES;
				CLANG_WARN_BLOCK_CAPTURE_AUTORELEASING = YES;
				CLANG_WARN_BOOL_CONVERSION = YES;
				CLANG_WARN_COMMA = YES;
				CLANG_WARN_CONSTANT_CONVERSION = YES;
				CLANG_WARN_DEPRECATED_OBJC_IMPLEMENTATIONS = YES;
				CLANG_WARN_DIRECT_OBJC_ISA_USAGE = YES_ERROR;
				CLANG_WARN_DOCUMENTATION_COMMENTS = YES;
				CLANG_WARN_EMPTY_BODY = YES;
				CLANG_WARN_ENUM_CONVERSION = YES;
				CLANG_WARN_INFINITE_RECURSION = YES;
				CLANG_WARN_INT_CONVERSION = YES;
				CLANG_WARN_NON_LITERAL_NULL_CONVERSION = YES;
				CLANG_WARN_OBJC_IMPLICIT_RETAIN_SELF = YES;
				CLANG_WARN_OBJC_LITERAL_CONVERSION = YES;
				CLANG_WARN_OBJC_ROOT_CLASS = YES_ERROR;
				CLANG_WARN_QUOTED_INCLUDE_IN_FRAMEWORK_HEADER = YES;
				CLANG_WARN_RANGE_LOOP_ANALYSIS = YES;
				CLANG_WARN_STRICT_PROTOTYPES = YES;
				CLANG_WARN_SUSPICIOUS_MOVE = YES;
				CLANG_WARN_UNGUARDED_AVAILABILITY = YES_AGGRESSIVE;
				CLANG_WARN_UNREACHABLE_CODE = YES;
				CLANG_WARN__DUPLICATE_METHOD_MATCH = YES;
				COPY_PHASE_STRIP = NO;
				DEBUG_INFORMATION_FORMAT = "dwarf-with-dsym";
				ENABLE_NS_ASSERTIONS = NO;
				ENABLE_STRICT_OBJC_MSGSEND = YES;
				ENABLE_USER_SCRIPT_SANDBOXING = YES;
				GCC_C_LANGUAGE_STANDARD = gnu17;
				GCC_NO_COMMON_BLOCKS = YES;
				GCC_WARN_64_TO_32_BIT_CONVERSION = YES;
				GCC_WARN_ABOUT_RETURN_TYPE = YES_ERROR;
				GCC_WARN_UNDECLARED_SELECTOR = YES;
				GCC_WARN_UNINITIALIZED_AUTOS = YES_AGGRESSIVE;
				GCC_WARN_UNUSED_FUNCTION = YES;
				GCC_WARN_UNUSED_VARIABLE = YES;
				LOCALIZATION_PREFERS_STRING_CATALOGS = YES;
				MTL_ENABLE_DEBUG_INFO = NO;
				MTL_FAST_MATH = YES;
				SDKROOT = xros;
				SWIFT_COMPILATION_MODE = wholemodule;
				VALIDATE_PRODUCT = YES;
				XROS_DEPLOYMENT_TARGET = 1.0;
			};
			name = Release;
		};
		27D7DBC62A439F7D00F053D8 /* Debug */ = {
			isa = XCBuildConfiguration;
			buildSettings = {
				ASSETCATALOG_COMPILER_APPICON_NAME = AppIcon;
				ASSETCATALOG_COMPILER_GLOBAL_ACCENT_COLOR_NAME = AccentColor;
				CODE_SIGN_STYLE = Automatic;
				CURRENT_PROJECT_VERSION = 1;
				DEVELOPMENT_ASSET_PATHS = "\"xrOS-loaded/Preview Content\"";
				DEVELOPMENT_TEAM = 9489Q3YVAN;
				ENABLE_PREVIEWS = YES;
				GENERATE_INFOPLIST_FILE = YES;
				INFOPLIST_KEY_UIApplicationSceneManifest_Generation = YES;
				LD_RUNPATH_SEARCH_PATHS = (
					"$(inherited)",
					"@executable_path/Frameworks",
				);
				MARKETING_VERSION = 1.0;
				PRODUCT_BUNDLE_IDENTIFIER = "com.RayanKhan.xrOS-loaded";
				PRODUCT_NAME = "$(TARGET_NAME)";
				SUPPORTED_PLATFORMS = "xros xrsimulator";
				SWIFT_EMIT_LOC_STRINGS = YES;
				SWIFT_VERSION = 5.0;
				TARGETED_DEVICE_FAMILY = "1,2,7";
			};
			name = Debug;
		};
		27D7DBC72A439F7D00F053D8 /* Release */ = {
			isa = XCBuildConfiguration;
			buildSettings = {
				ASSETCATALOG_COMPILER_APPICON_NAME = AppIcon;
				ASSETCATALOG_COMPILER_GLOBAL_ACCENT_COLOR_NAME = AccentColor;
				CODE_SIGN_STYLE = Automatic;
				CURRENT_PROJECT_VERSION = 1;
				DEVELOPMENT_ASSET_PATHS = "\"xrOS-loaded/Preview Content\"";
				DEVELOPMENT_TEAM = 9489Q3YVAN;
				ENABLE_PREVIEWS = YES;
				GENERATE_INFOPLIST_FILE = YES;
				INFOPLIST_KEY_UIApplicationSceneManifest_Generation = YES;
				LD_RUNPATH_SEARCH_PATHS = (
					"$(inherited)",
					"@executable_path/Frameworks",
				);
				MARKETING_VERSION = 1.0;
				PRODUCT_BUNDLE_IDENTIFIER = "com.RayanKhan.xrOS-loaded";
				PRODUCT_NAME = "$(TARGET_NAME)";
				SUPPORTED_PLATFORMS = "xros xrsimulator";
				SWIFT_EMIT_LOC_STRINGS = YES;
				SWIFT_VERSION = 5.0;
				TARGETED_DEVICE_FAMILY = "1,2,7";
			};
			name = Release;
		};
/* End XCBuildConfiguration section */

/* Begin XCConfigurationList section */
		27D7DBAE2A439F7B00F053D8 /* Build configuration list for PBXProject "xrOS-loaded" */ = {
			isa = XCConfigurationList;
			buildConfigurations = (
				27D7DBC32A439F7D00F053D8 /* Debug */,
				27D7DBC42A439F7D00F053D8 /* Release */,
			);
			defaultConfigurationIsVisible = 0;
			defaultConfigurationName = Release;
		};
		27D7DBC52A439F7D00F053D8 /* Build configuration list for PBXNativeTarget "xrOS-loaded" */ = {
			isa = XCConfigurationList;
			buildConfigurations = (
				27D7DBC62A439F7D00F053D8 /* Debug */,
				27D7DBC72A439F7D00F053D8 /* Release */,
			);
			defaultConfigurationIsVisible = 0;
			defaultConfigurationName = Release;
		};
/* End XCConfigurationList section */

/* Begin XCSwiftPackageProductDependency section */
		27D7DBB82A439F7B00F053D8 /* RealityKitContent */ = {
			isa = XCSwiftPackageProductDependency;
			productName = RealityKitContent;
		};
/* End XCSwiftPackageProductDependency section */
	};
	rootObject = 27D7DBAB2A439F7B00F053D8 /* Project object */;
}
